
Microsoft Visual Studio Solution File, Format Version 12.00
# Visual Studio 2012
Project("{FAE04EC0-301F-11D3-BF4B-00C04F79EFBC}") = "AzureSchedulerService", "AzureSchedulerService\AzureSchedulerService.csproj", "{A5E73098-22F7-40B5-B1E4-2EA0D9BDDE36}"
EndProject
Global
	GlobalSection(SolutionConfigurationPlatforms) = preSolution
		Debug|Any CPU = Debug|Any CPU
		Release|Any CPU = Release|Any CPU
	EndGlobalSection
	GlobalSection(ProjectConfigurationPlatforms) = postSolution
		{A5E73098-22F7-40B5-B1E4-2EA0D9BDDE36}.Debug|Any CPU.ActiveCfg = Debug|Any CPU
		{A5E73098-22F7-40B5-B1E4-2EA0D9BDDE36}.Debug|Any CPU.Build.0 = Debug|Any CPU
		{A5E73098-22F7-40B5-B1E4-2EA0D9BDDE36}.Release|Any CPU.ActiveCfg = Release|Any CPU
		{A5E73098-22F7-40B5-B1E4-2EA0D9BDDE36}.Release|Any CPU.Build.0 = Release|Any CPU
	EndGlobalSection
	GlobalSection(SolutionProperties) = preSolution
		HideSolutionNode = FALSE
	EndGlobalSection
EndGlobal
